schema: '2.0'
stages:
  data_ingestion:
    cmd: python src/data/data_ingestion.py
    deps:
    - path: src/data/data_ingestion.py
      hash: md5
      md5: ee08a4c31ae467cebbcce70b5cc5491a
      size: 3545
    params:
      params.yaml:
        data_ingestion.test_size: 0.25
    outs:
    - path: data/raw
      hash: md5
      md5: 3a301dd6a0b3caa261222635788eb1a5.dir
      size: 827973
      nfiles: 2
  data_preprocessing:
    cmd: python src/data/data_preprocessing.py
    deps:
    - path: data/raw
      hash: md5
      md5: 3a301dd6a0b3caa261222635788eb1a5.dir
      size: 827973
      nfiles: 2
    - path: src/data/data_preprocessing.py
      hash: md5
      md5: c1e18bf95fcc1e3d80cae9ee7c4a6383
      size: 4014
    outs:
    - path: data/interim
      hash: md5
      md5: a1158656d11faacf2f50780bc607cfc2.dir
      size: 566063
      nfiles: 2
  feature_engineering:
    cmd: python src/features/feature_engineering.py
    deps:
    - path: data/interim
      hash: md5
      md5: a1158656d11faacf2f50780bc607cfc2.dir
      size: 566063
      nfiles: 2
    - path: src/features/feature_engineering.py
      hash: md5
      md5: c1888aef256c204017522c2ce5fd36a0
      size: 3883
    params:
      params.yaml:
        feature_engineering.max_features: 5000
    outs:
    - path: data/processed
      hash: md5
      md5: eff5d6f3a568ccc210eb8aee90fbeba6.dir
      size: 103818916
      nfiles: 2
    - path: models/vectorizer.pkl
      hash: md5
      md5: 80a17cfb3e2f6c72899c49e6d361ba12
      size: 120393
  model_building:
    cmd: python src/model/model_building.py
    deps:
    - path: data/processed
      hash: md5
      md5: 54378426eab5786a1f519b0d3ad98a07.dir
      size: 103818916
      nfiles: 2
    - path: src/model/model_building.py
      hash: md5
      md5: 809681a98d52938b43c9befd0b00a422
      size: 2373
    outs:
    - path: models/model.pkl
      hash: md5
      md5: 5695e602dd9fc970763747ee21179f6d
      size: 40716
  model_evaluation:
    cmd: python src/model/model_evaluation.py
    deps:
    - path: models/model.pkl
      hash: md5
      md5: 5695e602dd9fc970763747ee21179f6d
      size: 40716
    - path: src/model/model_evaluation.py
      hash: md5
      md5: 28e9ac2cc37e2525cedb687fb543c779
      size: 6332
    outs:
    - path: reports/experiment_info.json
      hash: md5
      md5: 8170113633435560e950ba426d1b4e2e
      size: 82
    - path: reports/metrics.json
      hash: md5
      md5: 62d42063fdd513e977598acb5835e4dc
      size: 145
  model_registration:
    cmd: python src/model/register_model.py
    deps:
    - path: reports/experiment_info.json
      hash: md5
      md5: 8170113633435560e950ba426d1b4e2e
      size: 82
    - path: src/model/register_model.py
      hash: md5
      md5: 86a03cfa75880f38232dff5cbcda44bc
      size: 3061
